
Microsoft Visual Studio Solution File, Format Version 12.00
# Visual Studio Version 17
VisualStudioVersion = 17.3.32819.101
MinimumVisualStudioVersion = 10.0.40219.1
Project("{FAE04EC0-301F-11D3-BF4B-00C04F79EFBC}") = "MISA.HUST.21H.2022.API", "MISA.HUST.21H.2022.API\MISA.HUST.21H.2022.API.csproj", "{7C633DE2-7504-44E4-AF2C-A081A464F925}"
EndProject
Global
	GlobalSection(SolutionConfigurationPlatforms) = preSolution
		Debug|Any CPU = Debug|Any CPU
		Release|Any CPU = Release|Any CPU
	EndGlobalSection
	GlobalSection(ProjectConfigurationPlatforms) = postSolution
		{7C633DE2-7504-44E4-AF2C-A081A464F925}.Debug|Any CPU.ActiveCfg = Debug|Any CPU
		{7C633DE2-7504-44E4-AF2C-A081A464F925}.Debug|Any CPU.Build.0 = Debug|Any CPU
		{7C633DE2-7504-44E4-AF2C-A081A464F925}.Release|Any CPU.ActiveCfg = Release|Any CPU
		{7C633DE2-7504-44E4-AF2C-A081A464F925}.Release|Any CPU.Build.0 = Release|Any CPU
	EndGlobalSection
	GlobalSection(SolutionProperties) = preSolution
		HideSolutionNode = FALSE
	EndGlobalSection
	GlobalSection(ExtensibilityGlobals) = postSolution
		SolutionGuid = {E770EC8D-A865-440D-8780-B6D8AA8FE4E5}
	EndGlobalSection
EndGlobal
